{
  "name": "libjame-demo",
  "version": "1.0.0",
  "lockfileVersion": 2,
  "requires": true,
  "packages": {
    "": {
      "name": "libjame-demo",
      "version": "1.0.0",
      "license": "ISC",
      "dependencies": {
        "libjame": "file:../packages/libjame"
      }
    },
    "../packages/libjame": {
      "version": "1.0.0",
      "license": "ISC"
    },
    "node_modules/libjame": {
      "resolved": "../packages/libjame",
      "link": true
    }
  },
  "dependencies": {
    "libjame": {
      "version": "file:../packages/libjame"
    }
  }
}
